
Microsoft Visual Studio Solution File, Format Version 12.00
# Visual Studio 15
VisualStudioVersion = 15.0.28307.572
MinimumVisualStudioVersion = 10.0.40219.1
Project("{FAE04EC0-301F-11D3-BF4B-00C04F79EFBC}") = "SistemaBasicoDeControle", "SistemaBasicoDeControle\SistemaBasicoDeControle.csproj", "{DB3A80C9-72CF-4C1C-925E-6DC28955CDC2}"
EndProject
Global
	GlobalSection(SolutionConfigurationPlatforms) = preSolution
		Debug|Any CPU = Debug|Any CPU
		Release|Any CPU = Release|Any CPU
	EndGlobalSection
	GlobalSection(ProjectConfigurationPlatforms) = postSolution
		{DB3A80C9-72CF-4C1C-925E-6DC28955CDC2}.Debug|Any CPU.ActiveCfg = Debug|Any CPU
		{DB3A80C9-72CF-4C1C-925E-6DC28955CDC2}.Debug|Any CPU.Build.0 = Debug|Any CPU
		{DB3A80C9-72CF-4C1C-925E-6DC28955CDC2}.Release|Any CPU.ActiveCfg = Release|Any CPU
		{DB3A80C9-72CF-4C1C-925E-6DC28955CDC2}.Release|Any CPU.Build.0 = Release|Any CPU
	EndGlobalSection
	GlobalSection(SolutionProperties) = preSolution
		HideSolutionNode = FALSE
	EndGlobalSection
	GlobalSection(ExtensibilityGlobals) = postSolution
		SolutionGuid = {49FF2264-16FA-4945-A593-FB2B4CEF78EC}
	EndGlobalSection
EndGlobal
